
Microsoft Visual Studio Solution File, Format Version 12.00
# Visual Studio 15
VisualStudioVersion = 15.0.27703.2042
MinimumVisualStudioVersion = 10.0.40219.1
Project("{FAE04EC0-301F-11D3-BF4B-00C04F79EFBC}") = "Countries.Android", "Countries\Countries.Android\Countries.Android.csproj", "{60D88506-D823-43CB-A443-E9144A406FCE}"
EndProject
Project("{FAE04EC0-301F-11D3-BF4B-00C04F79EFBC}") = "Countries.iOS", "Countries\Countries.iOS\Countries.iOS.csproj", "{FA70FFC0-CFAF-4B4C-AC82-4B1280C47B87}"
EndProject
Project("{9A19103F-16F7-4668-BE54-9A1E7A4F7556}") = "Countries", "Countries\Countries\Countries.csproj", "{862672D5-F22A-4A1B-B65A-A13211D3E139}"
EndProject
Project("{FAE04EC0-301F-11D3-BF4B-00C04F79EFBC}") = "Countries.Domain", "Countries.Domain\Countries.Domain.csproj", "{9B92E0BE-10ED-4016-B5F4-2265651F0E00}"
EndProject
Project("{FAE04EC0-301F-11D3-BF4B-00C04F79EFBC}") = "Countries.Backend", "Countries.Backend\Countries.Backend.csproj", "{5529DA20-166F-4FC9-ABAC-4A3C36123661}"
EndProject
Project("{FAE04EC0-301F-11D3-BF4B-00C04F79EFBC}") = "Countries.API", "Countries.API\Countries.API.csproj", "{D9D134B7-2A00-4A11-A16F-BD1EB6832C77}"
EndProject
Global
	GlobalSection(SolutionConfigurationPlatforms) = preSolution
		Ad-Hoc|Any CPU = Ad-Hoc|Any CPU
		Ad-Hoc|iPhone = Ad-Hoc|iPhone
		Ad-Hoc|iPhoneSimulator = Ad-Hoc|iPhoneSimulator
		AppStore|Any CPU = AppStore|Any CPU
		AppStore|iPhone = AppStore|iPhone
		AppStore|iPhoneSimulator = AppStore|iPhoneSimulator
		Debug|Any CPU = Debug|Any CPU
		Debug|iPhone = Debug|iPhone
		Debug|iPhoneSimulator = Debug|iPhoneSimulator
		Release|Any CPU = Release|Any CPU
		Release|iPhone = Release|iPhone
		Release|iPhoneSimulator = Release|iPhoneSimulator
	EndGlobalSection
	GlobalSection(ProjectConfigurationPlatforms) = postSolution
		{60D88506-D823-43CB-A443-E9144A406FCE}.Ad-Hoc|Any CPU.ActiveCfg = Release|Any CPU
		{60D88506-D823-43CB-A443-E9144A406FCE}.Ad-Hoc|Any CPU.Build.0 = Release|Any CPU
		{60D88506-D823-43CB-A443-E9144A406FCE}.Ad-Hoc|Any CPU.Deploy.0 = Release|Any CPU
		{60D88506-D823-43CB-A443-E9144A406FCE}.Ad-Hoc|iPhone.ActiveCfg = Release|Any CPU
		{60D88506-D823-43CB-A443-E9144A406FCE}.Ad-Hoc|iPhone.Build.0 = Release|Any CPU
		{60D88506-D823-43CB-A443-E9144A406FCE}.Ad-Hoc|iPhone.Deploy.0 = Release|Any CPU
		{60D88506-D823-43CB-A443-E9144A406FCE}.Ad-Hoc|iPhoneSimulator.ActiveCfg = Release|Any CPU
		{60D88506-D823-43CB-A443-E9144A406FCE}.Ad-Hoc|iPhoneSimulator.Build.0 = Release|Any CPU
		{60D88506-D823-43CB-A443-E9144A406FCE}.Ad-Hoc|iPhoneSimulator.Deploy.0 = Release|Any CPU
		{60D88506-D823-43CB-A443-E9144A406FCE}.AppStore|Any CPU.ActiveCfg = Release|Any CPU
		{60D88506-D823-43CB-A443-E9144A406FCE}.AppStore|Any CPU.Build.0 = Release|Any CPU
		{60D88506-D823-43CB-A443-E9144A406FCE}.AppStore|Any CPU.Deploy.0 = Release|Any CPU
		{60D88506-D823-43CB-A443-E9144A406FCE}.AppStore|iPhone.ActiveCfg = Release|Any CPU
		{60D88506-D823-43CB-A443-E9144A406FCE}.AppStore|iPhone.Build.0 = Release|Any CPU
		{60D88506-D823-43CB-A443-E9144A406FCE}.AppStore|iPhone.Deploy.0 = Release|Any CPU
		{60D88506-D823-43CB-A443-E9144A406FCE}.AppStore|iPhoneSimulator.ActiveCfg = Release|Any CPU
		{60D88506-D823-43CB-A443-E9144A406FCE}.AppStore|iPhoneSimulator.Build.0 = Release|Any CPU
		{60D88506-D823-43CB-A443-E9144A406FCE}.AppStore|iPhoneSimulator.Deploy.0 = Release|Any CPU
		{60D88506-D823-43CB-A443-E9144A406FCE}.Debug|Any CPU.ActiveCfg = Debug|Any CPU
		{60D88506-D823-43CB-A443-E9144A406FCE}.Debug|Any CPU.Build.0 = Debug|Any CPU
		{60D88506-D823-43CB-A443-E9144A406FCE}.Debug|Any CPU.Deploy.0 = Debug|Any CPU
		{60D88506-D823-43CB-A443-E9144A406FCE}.Debug|iPhone.ActiveCfg = Debug|Any CPU
		{60D88506-D823-43CB-A443-E9144A406FCE}.Debug|iPhone.Build.0 = Debug|Any CPU
		{60D88506-D823-43CB-A443-E9144A406FCE}.Debug|iPhone.Deploy.0 = Debug|Any CPU
		{60D88506-D823-43CB-A443-E9144A406FCE}.Debug|iPhoneSimulator.ActiveCfg = Debug|Any CPU
		{60D88506-D823-43CB-A443-E9144A406FCE}.Debug|iPhoneSimulator.Build.0 = Debug|Any CPU
		{60D88506-D823-43CB-A443-E9144A406FCE}.Debug|iPhoneSimulator.Deploy.0 = Debug|Any CPU
		{60D88506-D823-43CB-A443-E9144A406FCE}.Release|Any CPU.ActiveCfg = Release|Any CPU
		{60D88506-D823-43CB-A443-E9144A406FCE}.Release|Any CPU.Build.0 = Release|Any CPU
		{60D88506-D823-43CB-A443-E9144A406FCE}.Release|Any CPU.Deploy.0 = Release|Any CPU
		{60D88506-D823-43CB-A443-E9144A406FCE}.Release|iPhone.ActiveCfg = Release|Any CPU
		{60D88506-D823-43CB-A443-E9144A406FCE}.Release|iPhone.Build.0 = Release|Any CPU
		{60D88506-D823-43CB-A443-E9144A406FCE}.Release|iPhone.Deploy.0 = Release|Any CPU
		{60D88506-D823-43CB-A443-E9144A406FCE}.Release|iPhoneSimulator.ActiveCfg = Release|Any CPU
		{60D88506-D823-43CB-A443-E9144A406FCE}.Release|iPhoneSimulator.Build.0 = Release|Any CPU
		{60D88506-D823-43CB-A443-E9144A406FCE}.Release|iPhoneSimulator.Deploy.0 = Release|Any CPU
		{FA70FFC0-CFAF-4B4C-AC82-4B1280C47B87}.Ad-Hoc|Any CPU.ActiveCfg = Ad-Hoc|iPhone
		{FA70FFC0-CFAF-4B4C-AC82-4B1280C47B87}.Ad-Hoc|Any CPU.Build.0 = Ad-Hoc|iPhone
		{FA70FFC0-CFAF-4B4C-AC82-4B1280C47B87}.Ad-Hoc|Any CPU.Deploy.0 = Ad-Hoc|iPhone
		{FA70FFC0-CFAF-4B4C-AC82-4B1280C47B87}.Ad-Hoc|iPhone.ActiveCfg = Ad-Hoc|iPhone
		{FA70FFC0-CFAF-4B4C-AC82-4B1280C47B87}.Ad-Hoc|iPhone.Build.0 = Ad-Hoc|iPhone
		{FA70FFC0-CFAF-4B4C-AC82-4B1280C47B87}.Ad-Hoc|iPhone.Deploy.0 = Ad-Hoc|iPhone
		{FA70FFC0-CFAF-4B4C-AC82-4B1280C47B87}.Ad-Hoc|iPhoneSimulator.ActiveCfg = Ad-Hoc|iPhoneSimulator
		{FA70FFC0-CFAF-4B4C-AC82-4B1280C47B87}.Ad-Hoc|iPhoneSimulator.Build.0 = Ad-Hoc|iPhoneSimulator
		{FA70FFC0-CFAF-4B4C-AC82-4B1280C47B87}.Ad-Hoc|iPhoneSimulator.Deploy.0 = Ad-Hoc|iPhoneSimulator
		{FA70FFC0-CFAF-4B4C-AC82-4B1280C47B87}.AppStore|Any CPU.ActiveCfg = AppStore|iPhone
		{FA70FFC0-CFAF-4B4C-AC82-4B1280C47B87}.AppStore|Any CPU.Build.0 = AppStore|iPhone
		{FA70FFC0-CFAF-4B4C-AC82-4B1280C47B87}.AppStore|Any CPU.Deploy.0 = AppStore|iPhone
		{FA70FFC0-CFAF-4B4C-AC82-4B1280C47B87}.AppStore|iPhone.ActiveCfg = AppStore|iPhone
		{FA70FFC0-CFAF-4B4C-AC82-4B1280C47B87}.AppStore|iPhone.Build.0 = AppStore|iPhone
		{FA70FFC0-CFAF-4B4C-AC82-4B1280C47B87}.AppStore|iPhone.Deploy.0 = AppStore|iPhone
		{FA70FFC0-CFAF-4B4C-AC82-4B1280C47B87}.AppStore|iPhoneSimulator.ActiveCfg = AppStore|iPhoneSimulator
		{FA70FFC0-CFAF-4B4C-AC82-4B1280C47B87}.AppStore|iPhoneSimulator.Build.0 = AppStore|iPhoneSimulator
		{FA70FFC0-CFAF-4B4C-AC82-4B1280C47B87}.AppStore|iPhoneSimulator.Deploy.0 = AppStore|iPhoneSimulator
		{FA70FFC0-CFAF-4B4C-AC82-4B1280C47B87}.Debug|Any CPU.ActiveCfg = Debug|iPhoneSimulator
		{FA70FFC0-CFAF-4B4C-AC82-4B1280C47B87}.Debug|Any CPU.Build.0 = Debug|iPhoneSimulator
		{FA70FFC0-CFAF-4B4C-AC82-4B1280C47B87}.Debug|Any CPU.Deploy.0 = Debug|iPhoneSimulator
		{FA70FFC0-CFAF-4B4C-AC82-4B1280C47B87}.Debug|iPhone.ActiveCfg = Debug|iPhone
		{FA70FFC0-CFAF-4B4C-AC82-4B1280C47B87}.Debug|iPhone.Build.0 = Debug|iPhone
		{FA70FFC0-CFAF-4B4C-AC82-4B1280C47B87}.Debug|iPhone.Deploy.0 = Debug|iPhone
		{FA70FFC0-CFAF-4B4C-AC82-4B1280C47B87}.Debug|iPhoneSimulator.ActiveCfg = Debug|iPhoneSimulator
		{FA70FFC0-CFAF-4B4C-AC82-4B1280C47B87}.Debug|iPhoneSimulator.Build.0 = Debug|iPhoneSimulator
		{FA70FFC0-CFAF-4B4C-AC82-4B1280C47B87}.Debug|iPhoneSimulator.Deploy.0 = Debug|iPhoneSimulator
		{FA70FFC0-CFAF-4B4C-AC82-4B1280C47B87}.Release|Any CPU.ActiveCfg = Release|iPhone
		{FA70FFC0-CFAF-4B4C-AC82-4B1280C47B87}.Release|Any CPU.Build.0 = Release|iPhone
		{FA70FFC0-CFAF-4B4C-AC82-4B1280C47B87}.Release|Any CPU.Deploy.0 = Release|iPhone
		{FA70FFC0-CFAF-4B4C-AC82-4B1280C47B87}.Release|iPhone.ActiveCfg = Release|iPhone
		{FA70FFC0-CFAF-4B4C-AC82-4B1280C47B87}.Release|iPhone.Build.0 = Release|iPhone
		{FA70FFC0-CFAF-4B4C-AC82-4B1280C47B87}.Release|iPhone.Deploy.0 = Release|iPhone
		{FA70FFC0-CFAF-4B4C-AC82-4B1280C47B87}.Release|iPhoneSimulator.ActiveCfg = Release|iPhoneSimulator
		{FA70FFC0-CFAF-4B4C-AC82-4B1280C47B87}.Release|iPhoneSimulator.Build.0 = Release|iPhoneSimulator
		{FA70FFC0-CFAF-4B4C-AC82-4B1280C47B87}.Release|iPhoneSimulator.Deploy.0 = Release|iPhoneSimulator
		{862672D5-F22A-4A1B-B65A-A13211D3E139}.Ad-Hoc|Any CPU.ActiveCfg = Debug|Any CPU
		{862672D5-F22A-4A1B-B65A-A13211D3E139}.Ad-Hoc|Any CPU.Build.0 = Debug|Any CPU
		{862672D5-F22A-4A1B-B65A-A13211D3E139}.Ad-Hoc|Any CPU.Deploy.0 = Debug|Any CPU
		{862672D5-F22A-4A1B-B65A-A13211D3E139}.Ad-Hoc|iPhone.ActiveCfg = Debug|Any CPU
		{862672D5-F22A-4A1B-B65A-A13211D3E139}.Ad-Hoc|iPhone.Build.0 = Debug|Any CPU
		{862672D5-F22A-4A1B-B65A-A13211D3E139}.Ad-Hoc|iPhone.Deploy.0 = Debug|Any CPU
		{862672D5-F22A-4A1B-B65A-A13211D3E139}.Ad-Hoc|iPhoneSimulator.ActiveCfg = Debug|Any CPU
		{862672D5-F22A-4A1B-B65A-A13211D3E139}.Ad-Hoc|iPhoneSimulator.Build.0 = Debug|Any CPU
		{862672D5-F22A-4A1B-B65A-A13211D3E139}.Ad-Hoc|iPhoneSimulator.Deploy.0 = Debug|Any CPU
		{862672D5-F22A-4A1B-B65A-A13211D3E139}.AppStore|Any CPU.ActiveCfg = Debug|Any CPU
		{862672D5-F22A-4A1B-B65A-A13211D3E139}.AppStore|Any CPU.Build.0 = Debug|Any CPU
		{862672D5-F22A-4A1B-B65A-A13211D3E139}.AppStore|Any CPU.Deploy.0 = Debug|Any CPU
		{862672D5-F22A-4A1B-B65A-A13211D3E139}.AppStore|iPhone.ActiveCfg = Debug|Any CPU
		{862672D5-F22A-4A1B-B65A-A13211D3E139}.AppStore|iPhone.Build.0 = Debug|Any CPU
		{862672D5-F22A-4A1B-B65A-A13211D3E139}.AppStore|iPhone.Deploy.0 = Debug|Any CPU
		{862672D5-F22A-4A1B-B65A-A13211D3E139}.AppStore|iPhoneSimulator.ActiveCfg = Debug|Any CPU
		{862672D5-F22A-4A1B-B65A-A13211D3E139}.AppStore|iPhoneSimulator.Build.0 = Debug|Any CPU
		{862672D5-F22A-4A1B-B65A-A13211D3E139}.AppStore|iPhoneSimulator.Deploy.0 = Debug|Any CPU
		{862672D5-F22A-4A1B-B65A-A13211D3E139}.Debug|Any CPU.ActiveCfg = Debug|Any CPU
		{862672D5-F22A-4A1B-B65A-A13211D3E139}.Debug|Any CPU.Build.0 = Debug|Any CPU
		{862672D5-F22A-4A1B-B65A-A13211D3E139}.Debug|Any CPU.Deploy.0 = Debug|Any CPU
		{862672D5-F22A-4A1B-B65A-A13211D3E139}.Debug|iPhone.ActiveCfg = Debug|Any CPU
		{862672D5-F22A-4A1B-B65A-A13211D3E139}.Debug|iPhone.Build.0 = Debug|Any CPU
		{862672D5-F22A-4A1B-B65A-A13211D3E139}.Debug|iPhone.Deploy.0 = Debug|Any CPU
		{862672D5-F22A-4A1B-B65A-A13211D3E139}.Debug|iPhoneSimulator.ActiveCfg = Debug|Any CPU
		{862672D5-F22A-4A1B-B65A-A13211D3E139}.Debug|iPhoneSimulator.Build.0 = Debug|Any CPU
		{862672D5-F22A-4A1B-B65A-A13211D3E139}.Debug|iPhoneSimulator.Deploy.0 = Debug|Any CPU
		{862672D5-F22A-4A1B-B65A-A13211D3E139}.Release|Any CPU.ActiveCfg = Release|Any CPU
		{862672D5-F22A-4A1B-B65A-A13211D3E139}.Release|Any CPU.Build.0 = Release|Any CPU
		{862672D5-F22A-4A1B-B65A-A13211D3E139}.Release|Any CPU.Deploy.0 = Release|Any CPU
		{862672D5-F22A-4A1B-B65A-A13211D3E139}.Release|iPhone.ActiveCfg = Release|Any CPU
		{862672D5-F22A-4A1B-B65A-A13211D3E139}.Release|iPhone.Build.0 = Release|Any CPU
		{862672D5-F22A-4A1B-B65A-A13211D3E139}.Release|iPhone.Deploy.0 = Release|Any CPU
		{862672D5-F22A-4A1B-B65A-A13211D3E139}.Release|iPhoneSimulator.ActiveCfg = Release|Any CPU
		{862672D5-F22A-4A1B-B65A-A13211D3E139}.Release|iPhoneSimulator.Build.0 = Release|Any CPU
		{862672D5-F22A-4A1B-B65A-A13211D3E139}.Release|iPhoneSimulator.Deploy.0 = Release|Any CPU
		{9B92E0BE-10ED-4016-B5F4-2265651F0E00}.Ad-Hoc|Any CPU.ActiveCfg = Release|Any CPU
		{9B92E0BE-10ED-4016-B5F4-2265651F0E00}.Ad-Hoc|Any CPU.Build.0 = Release|Any CPU
		{9B92E0BE-10ED-4016-B5F4-2265651F0E00}.Ad-Hoc|iPhone.ActiveCfg = Release|Any CPU
		{9B92E0BE-10ED-4016-B5F4-2265651F0E00}.Ad-Hoc|iPhone.Build.0 = Release|Any CPU
		{9B92E0BE-10ED-4016-B5F4-2265651F0E00}.Ad-Hoc|iPhoneSimulator.ActiveCfg = Release|Any CPU
		{9B92E0BE-10ED-4016-B5F4-2265651F0E00}.Ad-Hoc|iPhoneSimulator.Build.0 = Release|Any CPU
		{9B92E0BE-10ED-4016-B5F4-2265651F0E00}.AppStore|Any CPU.ActiveCfg = Release|Any CPU
		{9B92E0BE-10ED-4016-B5F4-2265651F0E00}.AppStore|Any CPU.Build.0 = Release|Any CPU
		{9B92E0BE-10ED-4016-B5F4-2265651F0E00}.AppStore|iPhone.ActiveCfg = Release|Any CPU
		{9B92E0BE-10ED-4016-B5F4-2265651F0E00}.AppStore|iPhone.Build.0 = Release|Any CPU
		{9B92E0BE-10ED-4016-B5F4-2265651F0E00}.AppStore|iPhoneSimulator.ActiveCfg = Release|Any CPU
		{9B92E0BE-10ED-4016-B5F4-2265651F0E00}.AppStore|iPhoneSimulator.Build.0 = Release|Any CPU
		{9B92E0BE-10ED-4016-B5F4-2265651F0E00}.Debug|Any CPU.ActiveCfg = Debug|Any CPU
		{9B92E0BE-10ED-4016-B5F4-2265651F0E00}.Debug|Any CPU.Build.0 = Debug|Any CPU
		{9B92E0BE-10ED-4016-B5F4-2265651F0E00}.Debug|iPhone.ActiveCfg = Debug|Any CPU
		{9B92E0BE-10ED-4016-B5F4-2265651F0E00}.Debug|iPhone.Build.0 = Debug|Any CPU
		{9B92E0BE-10ED-4016-B5F4-2265651F0E00}.Debug|iPhoneSimulator.ActiveCfg = Debug|Any CPU
		{9B92E0BE-10ED-4016-B5F4-2265651F0E00}.Debug|iPhoneSimulator.Build.0 = Debug|Any CPU
		{9B92E0BE-10ED-4016-B5F4-2265651F0E00}.Release|Any CPU.ActiveCfg = Release|Any CPU
		{9B92E0BE-10ED-4016-B5F4-2265651F0E00}.Release|Any CPU.Build.0 = Release|Any CPU
		{9B92E0BE-10ED-4016-B5F4-2265651F0E00}.Release|iPhone.ActiveCfg = Release|Any CPU
		{9B92E0BE-10ED-4016-B5F4-2265651F0E00}.Release|iPhone.Build.0 = Release|Any CPU
		{9B92E0BE-10ED-4016-B5F4-2265651F0E00}.Release|iPhoneSimulator.ActiveCfg = Release|Any CPU
		{9B92E0BE-10ED-4016-B5F4-2265651F0E00}.Release|iPhoneSimulator.Build.0 = Release|Any CPU
		{5529DA20-166F-4FC9-ABAC-4A3C36123661}.Ad-Hoc|Any CPU.ActiveCfg = Release|Any CPU
		{5529DA20-166F-4FC9-ABAC-4A3C36123661}.Ad-Hoc|Any CPU.Build.0 = Release|Any CPU
		{5529DA20-166F-4FC9-ABAC-4A3C36123661}.Ad-Hoc|iPhone.ActiveCfg = Release|Any CPU
		{5529DA20-166F-4FC9-ABAC-4A3C36123661}.Ad-Hoc|iPhone.Build.0 = Release|Any CPU
		{5529DA20-166F-4FC9-ABAC-4A3C36123661}.Ad-Hoc|iPhoneSimulator.ActiveCfg = Release|Any CPU
		{5529DA20-166F-4FC9-ABAC-4A3C36123661}.Ad-Hoc|iPhoneSimulator.Build.0 = Release|Any CPU
		{5529DA20-166F-4FC9-ABAC-4A3C36123661}.AppStore|Any CPU.ActiveCfg = Release|Any CPU
		{5529DA20-166F-4FC9-ABAC-4A3C36123661}.AppStore|Any CPU.Build.0 = Release|Any CPU
		{5529DA20-166F-4FC9-ABAC-4A3C36123661}.AppStore|iPhone.ActiveCfg = Release|Any CPU
		{5529DA20-166F-4FC9-ABAC-4A3C36123661}.AppStore|iPhone.Build.0 = Release|Any CPU
		{5529DA20-166F-4FC9-ABAC-4A3C36123661}.AppStore|iPhoneSimulator.ActiveCfg = Release|Any CPU
		{5529DA20-166F-4FC9-ABAC-4A3C36123661}.AppStore|iPhoneSimulator.Build.0 = Release|Any CPU
		{5529DA20-166F-4FC9-ABAC-4A3C36123661}.Debug|Any CPU.ActiveCfg = Debug|Any CPU
		{5529DA20-166F-4FC9-ABAC-4A3C36123661}.Debug|Any CPU.Build.0 = Debug|Any CPU
		{5529DA20-166F-4FC9-ABAC-4A3C36123661}.Debug|iPhone.ActiveCfg = Debug|Any CPU
		{5529DA20-166F-4FC9-ABAC-4A3C36123661}.Debug|iPhone.Build.0 = Debug|Any CPU
		{5529DA20-166F-4FC9-ABAC-4A3C36123661}.Debug|iPhoneSimulator.ActiveCfg = Debug|Any CPU
		{5529DA20-166F-4FC9-ABAC-4A3C36123661}.Debug|iPhoneSimulator.Build.0 = Debug|Any CPU
		{5529DA20-166F-4FC9-ABAC-4A3C36123661}.Release|Any CPU.ActiveCfg = Release|Any CPU
		{5529DA20-166F-4FC9-ABAC-4A3C36123661}.Release|Any CPU.Build.0 = Release|Any CPU
		{5529DA20-166F-4FC9-ABAC-4A3C36123661}.Release|iPhone.ActiveCfg = Release|Any CPU
		{5529DA20-166F-4FC9-ABAC-4A3C36123661}.Release|iPhone.Build.0 = Release|Any CPU
		{5529DA20-166F-4FC9-ABAC-4A3C36123661}.Release|iPhoneSimulator.ActiveCfg = Release|Any CPU
		{5529DA20-166F-4FC9-ABAC-4A3C36123661}.Release|iPhoneSimulator.Build.0 = Release|Any CPU
		{D9D134B7-2A00-4A11-A16F-BD1EB6832C77}.Ad-Hoc|Any CPU.ActiveCfg = Release|Any CPU
		{D9D134B7-2A00-4A11-A16F-BD1EB6832C77}.Ad-Hoc|Any CPU.Build.0 = Release|Any CPU
		{D9D134B7-2A00-4A11-A16F-BD1EB6832C77}.Ad-Hoc|iPhone.ActiveCfg = Release|Any CPU
		{D9D134B7-2A00-4A11-A16F-BD1EB6832C77}.Ad-Hoc|iPhone.Build.0 = Release|Any CPU
		{D9D134B7-2A00-4A11-A16F-BD1EB6832C77}.Ad-Hoc|iPhoneSimulator.ActiveCfg = Release|Any CPU
		{D9D134B7-2A00-4A11-A16F-BD1EB6832C77}.Ad-Hoc|iPhoneSimulator.Build.0 = Release|Any CPU
		{D9D134B7-2A00-4A11-A16F-BD1EB6832C77}.AppStore|Any CPU.ActiveCfg = Release|Any CPU
		{D9D134B7-2A00-4A11-A16F-BD1EB6832C77}.AppStore|Any CPU.Build.0 = Release|Any CPU
		{D9D134B7-2A00-4A11-A16F-BD1EB6832C77}.AppStore|iPhone.ActiveCfg = Release|Any CPU
		{D9D134B7-2A00-4A11-A16F-BD1EB6832C77}.AppStore|iPhone.Build.0 = Release|Any CPU
		{D9D134B7-2A00-4A11-A16F-BD1EB6832C77}.AppStore|iPhoneSimulator.ActiveCfg = Release|Any CPU
		{D9D134B7-2A00-4A11-A16F-BD1EB6832C77}.AppStore|iPhoneSimulator.Build.0 = Release|Any CPU
		{D9D134B7-2A00-4A11-A16F-BD1EB6832C77}.Debug|Any CPU.ActiveCfg = Debug|Any CPU
		{D9D134B7-2A00-4A11-A16F-BD1EB6832C77}.Debug|Any CPU.Build.0 = Debug|Any CPU
		{D9D134B7-2A00-4A11-A16F-BD1EB6832C77}.Debug|iPhone.ActiveCfg = Debug|Any CPU
		{D9D134B7-2A00-4A11-A16F-BD1EB6832C77}.Debug|iPhone.Build.0 = Debug|Any CPU
		{D9D134B7-2A00-4A11-A16F-BD1EB6832C77}.Debug|iPhoneSimulator.ActiveCfg = Debug|Any CPU
		{D9D134B7-2A00-4A11-A16F-BD1EB6832C77}.Debug|iPhoneSimulator.Build.0 = Debug|Any CPU
		{D9D134B7-2A00-4A11-A16F-BD1EB6832C77}.Release|Any CPU.ActiveCfg = Release|Any CPU
		{D9D134B7-2A00-4A11-A16F-BD1EB6832C77}.Release|Any CPU.Build.0 = Release|Any CPU
		{D9D134B7-2A00-4A11-A16F-BD1EB6832C77}.Release|iPhone.ActiveCfg = Release|Any CPU
		{D9D134B7-2A00-4A11-A16F-BD1EB6832C77}.Release|iPhone.Build.0 = Release|Any CPU
		{D9D134B7-2A00-4A11-A16F-BD1EB6832C77}.Release|iPhoneSimulator.ActiveCfg = Release|Any CPU
		{D9D134B7-2A00-4A11-A16F-BD1EB6832C77}.Release|iPhoneSimulator.Build.0 = Release|Any CPU
	EndGlobalSection
	GlobalSection(SolutionProperties) = preSolution
		HideSolutionNode = FALSE
	EndGlobalSection
	GlobalSection(ExtensibilityGlobals) = postSolution
		SolutionGuid = {7DAF4A8E-AB6A-4F82-B95B-E133A8489993}
	EndGlobalSection
EndGlobal
